
Microsoft Visual Studio Solution File, Format Version 12.00
# Visual Studio Version 17
VisualStudioVersion = 17.0.31717.71
MinimumVisualStudioVersion = 10.0.40219.1
Project("{9A19103F-16F7-4668-BE54-9A1E7A4F7556}") = "CalculationMethods.Presentation.Blazor", "CalculationMethods.Presentation.Blazor.csproj", "{80853541-696A-4B8A-A409-F3148A04610D}"
EndProject
Global
	GlobalSection(SolutionConfigurationPlatforms) = preSolution
		Debug|Any CPU = Debug|Any CPU
		Release|Any CPU = Release|Any CPU
	EndGlobalSection
	GlobalSection(ProjectConfigurationPlatforms) = postSolution
		{80853541-696A-4B8A-A409-F3148A04610D}.Debug|Any CPU.ActiveCfg = Debug|Any CPU
		{80853541-696A-4B8A-A409-F3148A04610D}.Debug|Any CPU.Build.0 = Debug|Any CPU
		{80853541-696A-4B8A-A409-F3148A04610D}.Release|Any CPU.ActiveCfg = Release|Any CPU
		{80853541-696A-4B8A-A409-F3148A04610D}.Release|Any CPU.Build.0 = Release|Any CPU
	EndGlobalSection
	GlobalSection(SolutionProperties) = preSolution
		HideSolutionNode = FALSE
	EndGlobalSection
	GlobalSection(ExtensibilityGlobals) = postSolution
		SolutionGuid = {E54A9342-C2DF-4117-A288-39A0333DF17F}
	EndGlobalSection
EndGlobal